<?xml version="1.0" encoding="utf-8"?>
<Project ToolsVersion="4.0" xmlns="http://schemas.microsoft.com/developer/msbuild/2003">
  <ItemGroup>
    <Filter Include="Source Files">
      <UniqueIdentifier>{4FC737F1-C7A5-4376-A066-2A32D752A2FF}</UniqueIdentifier>
      <Extensions>cpp;c;cc;cxx;def;odl;idl;hpj;bat;asm;asmx</Extensions>
    </Filter>
    <Filter Include="Header Files">
      <UniqueIdentifier>{93995380-89BD-4b04-88EB-625FBE52EBFB}</UniqueIdentifier>
      <Extensions>h;hpp;hxx;hm;inl;inc;xsd</Extensions>
    </Filter>
    <Filter Include="Resource Files">
      <UniqueIdentifier>{67DA6AB6-F800-4c08-8B7A-83BB121AAD01}</UniqueIdentifier>
      <Extensions>rc;ico;cur;bmp;dlg;rc2;rct;bin;rgs;gif;jpg;jpeg;jpe;resx;tiff;tif;png;wav;mfcribbon-ms</Extensions>
    </Filter>
  </ItemGroup>
  <ItemGroup>
    <None Include="Version.txt" />
  </ItemGroup>
  <ItemGroup>
    <ClInclude Include="Src\CH_Basics.h">
      <Filter>Header Files</Filter>
    </ClInclude>
    <ClInclude Include="Src\CH_coordinate_system.h">
      <Filter>Header Files</Filter>
    </ClInclude>
    <ClInclude Include="Src\CH_Diatomic.h">
      <Filter>Header Files</Filter>
    </ClInclude>
    <ClInclude Include="Src\CH_electron.h">
      <Filter>Header Files</Filter>
    </ClInclude>
    <ClInclude Include="Src\CH_FUN_Lowlevel.h">
      <Filter>Header Files</Filter>
    </ClInclude>
    <ClInclude Include="Src\CH_Ion.h">
      <Filter>Header Files</Filter>
    </ClInclude>
    <ClInclude Include="Src\CH_Particle.h">
      <Filter>Header Files</Filter>
    </ClInclude>
    <ClInclude Include="Src\CH_Reaction.h">
      <Filter>Header Files</Filter>
    </ClInclude>
    <ClInclude Include="Src\CH_Spectrometer.h">
      <Filter>Header Files</Filter>
    </ClInclude>
    <ClInclude Include="Src\CH_Tof.h">
      <Filter>Header Files</Filter>
    </ClInclude>
    <ClInclude Include="Src\CH_vector.h">
      <Filter>Header Files</Filter>
    </ClInclude>
    <ClInclude Include="CH_Interface.h">
      <Filter>Header Files</Filter>
    </ClInclude>
    <ClInclude Include="Src\ColAHelL.h">
      <Filter>Header Files</Filter>
    </ClInclude>
    <ClInclude Include="Src\CH_Presorter.h">
      <Filter>Header Files</Filter>
    </ClInclude>
    <ClInclude Include="Src\CH_console.h">
      <Filter>Header Files</Filter>
    </ClInclude>
    <ClInclude Include="CH_Event.h">
      <Filter>Header Files</Filter>
    </ClInclude>
    <ClInclude Include="Src\CH_Ranges.h">
      <Filter>Header Files</Filter>
    </ClInclude>
    <ClInclude Include="Src\CH_Polyatomic.h">
      <Filter>Header Files</Filter>
    </ClInclude>
    <ClInclude Include="Src\CH_Hist.h">
      <Filter>Header Files</Filter>
    </ClInclude>
    <ClInclude Include="Src\OS_Version.h">
      <Filter>Header Files</Filter>
    </ClInclude>
    <ClInclude Include="Src\CH_Processor.h">
      <Filter>Header Files</Filter>
    </ClInclude>
    <ClInclude Include="Src\CH_Histograms.h">
      <Filter>Header Files</Filter>
    </ClInclude>
  </ItemGroup>
  <ItemGroup>
    <ClCompile Include="Src\CH_Coordinate_system.cpp">
      <Filter>Source Files</Filter>
    </ClCompile>
    <ClCompile Include="Src\CH_Diatomic.cpp">
      <Filter>Source Files</Filter>
    </ClCompile>
    <ClCompile Include="Src\CH_Electron.cpp">
      <Filter>Source Files</Filter>
    </ClCompile>
    <ClCompile Include="Src\CH_FUN_Lowlevel.cpp">
      <Filter>Source Files</Filter>
    </ClCompile>
    <ClCompile Include="Src\CH_Ion.cpp">
      <Filter>Source Files</Filter>
    </ClCompile>
    <ClCompile Include="Src\CH_Particle.cpp">
      <Filter>Source Files</Filter>
    </ClCompile>
    <ClCompile Include="Src\CH_Spectrometer.cpp">
      <Filter>Source Files</Filter>
    </ClCompile>
    <ClCompile Include="Src\CH_Tof.cpp">
      <Filter>Source Files</Filter>
    </ClCompile>
    <ClCompile Include="Src\CH_vector.cpp">
      <Filter>Source Files</Filter>
    </ClCompile>
    <ClCompile Include="Src\ColAHelL.cpp">
      <Filter>Source Files</Filter>
    </ClCompile>
    <ClCompile Include="Src\CH_Interface.cpp">
      <Filter>Source Files</Filter>
    </ClCompile>
    <ClCompile Include="Src\CH_Presorter.cpp">
      <Filter>Source Files</Filter>
    </ClCompile>
    <ClCompile Include="Src\CH_console.cpp">
      <Filter>Source Files</Filter>
    </ClCompile>
    <ClCompile Include="Src\CH_Ranges .cpp">
      <Filter>Source Files</Filter>
    </ClCompile>
    <ClCompile Include="Src\CH_Hist.cpp">
      <Filter>Source Files</Filter>
    </ClCompile>
    <ClCompile Include="Src\CH_Histograms.cpp">
      <Filter>Source Files</Filter>
    </ClCompile>
    <ClCompile Include="Src\CH_Polyatomic.cpp">
      <Filter>Source Files</Filter>
    </ClCompile>
    <ClCompile Include="Src\CH_Histograms_DIATOMIC.cpp" />
    <ClCompile Include="Src\CH_Histograms_POLYATOMIC.cpp" />
    <ClCompile Include="Src\CH_Histograms_ELEC.cpp" />
    <ClCompile Include="Src\CH_Histograms_IONS.cpp" />
    <ClCompile Include="Src\CH_Processor.cpp">
      <Filter>Source Files</Filter>
    </ClCompile>
    <ClCompile Include="UserSrc\USER_Presorter.cpp" />
    <ClCompile Include="UserSrc\USER_Analysis.cpp" />
  </ItemGroup>
</Project>