
Microsoft Visual Studio Solution File, Format Version 11.00
# Visual Studio 2010
Project("{8BC9CEB8-8B4A-11D0-8D11-00A0C91BC942}") = "LMF2root", "LMF2root_VS2010.vcxproj", "{66BB4DEE-4897-44C3-81CC-0867F99C42EE}"
	ProjectSection(ProjectDependencies) = postProject
		{B071B418-288B-4FF4-AB48-47D2CA3B6EA9} = {B071B418-288B-4FF4-AB48-47D2CA3B6EA9}
		{2CA187C8-B2DA-42DE-B01D-C6EC1F9E7690} = {2CA187C8-B2DA-42DE-B01D-C6EC1F9E7690}
	EndProjectSection
EndProject
Project("{8BC9CEB8-8B4A-11D0-8D11-00A0C91BC942}") = "ColAHelL", "ColAHelL\ColAHelL_VS2010.vcxproj", "{2CA187C8-B2DA-42DE-B01D-C6EC1F9E7690}"
EndProject
Project("{8BC9CEB8-8B4A-11D0-8D11-00A0C91BC942}") = "IPA", "IPA\IPA_VS2010.vcxproj", "{B071B418-288B-4FF4-AB48-47D2CA3B6EA9}"
	ProjectSection(ProjectDependencies) = postProject
		{2CA187C8-B2DA-42DE-B01D-C6EC1F9E7690} = {2CA187C8-B2DA-42DE-B01D-C6EC1F9E7690}
	EndProjectSection
EndProject
Global
	GlobalSection(SolutionConfigurationPlatforms) = preSolution
		Debug_mfc|Win32 = Debug_mfc|Win32
		Debug_std|Win32 = Debug_std|Win32
		Release_mfc|Win32 = Release_mfc|Win32
		Release_std|Win32 = Release_std|Win32
	EndGlobalSection
	GlobalSection(ProjectConfigurationPlatforms) = postSolution
		{66BB4DEE-4897-44C3-81CC-0867F99C42EE}.Debug_mfc|Win32.ActiveCfg = Debug_mfc|Win32
		{66BB4DEE-4897-44C3-81CC-0867F99C42EE}.Debug_mfc|Win32.Build.0 = Debug_mfc|Win32
		{66BB4DEE-4897-44C3-81CC-0867F99C42EE}.Debug_std|Win32.ActiveCfg = Debug_std|Win32
		{66BB4DEE-4897-44C3-81CC-0867F99C42EE}.Debug_std|Win32.Build.0 = Debug_std|Win32
		{66BB4DEE-4897-44C3-81CC-0867F99C42EE}.Release_mfc|Win32.ActiveCfg = Release_mfc|Win32
		{66BB4DEE-4897-44C3-81CC-0867F99C42EE}.Release_mfc|Win32.Build.0 = Release_mfc|Win32
		{66BB4DEE-4897-44C3-81CC-0867F99C42EE}.Release_std|Win32.ActiveCfg = Release_std|Win32
		{66BB4DEE-4897-44C3-81CC-0867F99C42EE}.Release_std|Win32.Build.0 = Release_std|Win32
		{2CA187C8-B2DA-42DE-B01D-C6EC1F9E7690}.Debug_mfc|Win32.ActiveCfg = Debug_std|Win32
		{2CA187C8-B2DA-42DE-B01D-C6EC1F9E7690}.Debug_mfc|Win32.Build.0 = Debug_std|Win32
		{2CA187C8-B2DA-42DE-B01D-C6EC1F9E7690}.Debug_std|Win32.ActiveCfg = Debug_std|Win32
		{2CA187C8-B2DA-42DE-B01D-C6EC1F9E7690}.Debug_std|Win32.Build.0 = Debug_std|Win32
		{2CA187C8-B2DA-42DE-B01D-C6EC1F9E7690}.Release_mfc|Win32.ActiveCfg = Release_std|Win32
		{2CA187C8-B2DA-42DE-B01D-C6EC1F9E7690}.Release_mfc|Win32.Build.0 = Release_std|Win32
		{2CA187C8-B2DA-42DE-B01D-C6EC1F9E7690}.Release_std|Win32.ActiveCfg = Release_std|Win32
		{2CA187C8-B2DA-42DE-B01D-C6EC1F9E7690}.Release_std|Win32.Build.0 = Release_std|Win32
		{B071B418-288B-4FF4-AB48-47D2CA3B6EA9}.Debug_mfc|Win32.ActiveCfg = Debug_std|Win32
		{B071B418-288B-4FF4-AB48-47D2CA3B6EA9}.Debug_mfc|Win32.Build.0 = Debug_std|Win32
		{B071B418-288B-4FF4-AB48-47D2CA3B6EA9}.Debug_std|Win32.ActiveCfg = Debug_std|Win32
		{B071B418-288B-4FF4-AB48-47D2CA3B6EA9}.Debug_std|Win32.Build.0 = Debug_std|Win32
		{B071B418-288B-4FF4-AB48-47D2CA3B6EA9}.Release_mfc|Win32.ActiveCfg = Release_std|Win32
		{B071B418-288B-4FF4-AB48-47D2CA3B6EA9}.Release_mfc|Win32.Build.0 = Release_std|Win32
		{B071B418-288B-4FF4-AB48-47D2CA3B6EA9}.Release_std|Win32.ActiveCfg = Release_std|Win32
		{B071B418-288B-4FF4-AB48-47D2CA3B6EA9}.Release_std|Win32.Build.0 = Release_std|Win32
	EndGlobalSection
	GlobalSection(SolutionProperties) = preSolution
		HideSolutionNode = FALSE
	EndGlobalSection
EndGlobal
