<?xml version="1.0" encoding="utf-8"?>
<Project ToolsVersion="4.0" xmlns="http://schemas.microsoft.com/developer/msbuild/2003">
  <ItemGroup>
    <Filter Include="Source Files">
      <UniqueIdentifier>{85da02f4-62be-4368-b393-d7fea872460a}</UniqueIdentifier>
      <Extensions>cpp;c;cxx;rc;def;r;odl;idl;hpj;bat</Extensions>
    </Filter>
    <Filter Include="Header Files">
      <UniqueIdentifier>{a08f955a-cca6-4a61-a74b-d1340f029303}</UniqueIdentifier>
      <Extensions>h;hpp;hxx;hm;inl</Extensions>
    </Filter>
    <Filter Include="Resource Files">
      <UniqueIdentifier>{a3254e08-4471-4038-b9b2-7bcbfe177833}</UniqueIdentifier>
      <Extensions>ico;cur;bmp;dlg;rc2;rct;bin;rgs;gif;jpg;jpeg;jpe</Extensions>
    </Filter>
    <Filter Include="Header Files\ADC">
      <UniqueIdentifier>{2fe253ca-ab00-4220-b310-c51f6eac8241}</UniqueIdentifier>
    </Filter>
    <Filter Include="Source Files\ADC">
      <UniqueIdentifier>{35c8f002-f5e7-401a-b53a-0fe106fcfc77}</UniqueIdentifier>
    </Filter>
    <Filter Include="Templates">
      <UniqueIdentifier>{bba417e0-615a-4939-ab2b-b4878e9eb7c7}</UniqueIdentifier>
    </Filter>
    <Filter Include="Templates\ColAHelL configs">
      <UniqueIdentifier>{5bc9d208-2e87-41ec-afdd-d7c160c62901}</UniqueIdentifier>
    </Filter>
  </ItemGroup>
  <ItemGroup>
    <ClCompile Include="ADC\ADC_analysis.cpp">
      <Filter>Source Files\ADC</Filter>
    </ClCompile>
    <ClCompile Include="ADC\ADC_helper_functions.cpp">
      <Filter>Source Files\ADC</Filter>
    </ClCompile>
    <ClCompile Include="ADC\ADC_meta.cpp">
      <Filter>Source Files\ADC</Filter>
    </ClCompile>
    <ClCompile Include="ADC\ADC_settings.cpp">
      <Filter>Source Files\ADC</Filter>
    </ClCompile>
    <ClCompile Include="ADC\Event.cpp">
      <Filter>Source Files\ADC</Filter>
    </ClCompile>
    <ClCompile Include="ADC\H1D.cpp">
      <Filter>Source Files\ADC</Filter>
    </ClCompile>
    <ClCompile Include="ADC\H2D.cpp">
      <Filter>Source Files\ADC</Filter>
    </ClCompile>
    <ClCompile Include="Src\_analysis.cpp" />
    <ClCompile Include="Src\_sort_and_write_NTuple.cpp" />
    <ClCompile Include="Src\config_file_parser.cpp">
      <Filter>Source Files</Filter>
    </ClCompile>
    <ClCompile Include="Src\console.cpp">
      <Filter>Source Files</Filter>
    </ClCompile>
    <ClCompile Include="Src\detector_stuff.cpp">
      <Filter>Source Files</Filter>
    </ClCompile>
    <ClCompile Include="Src\fADC4_stuff.cpp">
      <Filter>Source Files</Filter>
    </ClCompile>
    <ClCompile Include="Src\functions.cpp">
      <Filter>Source Files</Filter>
    </ClCompile>
    <ClCompile Include="Src\help.cpp">
      <Filter>Source Files</Filter>
    </ClCompile>
    <ClCompile Include="Src\Histo.cpp">
      <Filter>Source Files</Filter>
    </ClCompile>
    <ClCompile Include="Src\LMF_IO.cpp">
      <Filter>Source Files</Filter>
    </ClCompile>
    <ClCompile Include="Src\LMF2root.cpp">
      <Filter>Source Files</Filter>
    </ClCompile>
    <ClCompile Include="Src\main_console_app.cpp">
      <Filter>Source Files</Filter>
    </ClCompile>
    <ClCompile Include="Src\MFC_stuff.cpp">
      <Filter>Source Files</Filter>
    </ClCompile>
    <ClCompile Include="Src\parallel_sort_class.cpp">
      <Filter>Source Files</Filter>
    </ClCompile>
    <ClCompile Include="Src\rootstuff.cpp">
      <Filter>Source Files</Filter>
    </ClCompile>
    <ClCompile Include="Src\HDF5_IO.cpp">
      <Filter>Source Files</Filter>
    </ClCompile>
  </ItemGroup>
  <ItemGroup>
    <ClInclude Include="$(rootsys)\include\TH1D.h">
      <Filter>Header Files</Filter>
    </ClInclude>
    <ClInclude Include="$(rootsys)\include\TH2D.h">
      <Filter>Header Files</Filter>
    </ClInclude>
    <ClInclude Include="$(rootsys)\include\TF1.h">
      <Filter>Header Files</Filter>
    </ClInclude>
    <ClInclude Include="$(rootsys)\include\TMinuit.h">
      <Filter>Header Files</Filter>
    </ClInclude>
    <ClInclude Include="$(rootsys)\include\TTree.h">
      <Filter>Header Files</Filter>
    </ClInclude>
    <ClInclude Include="$(rootsys)\include\TFile.h">
      <Filter>Header Files</Filter>
    </ClInclude>
    <ClInclude Include="$(rootsys)\include\TCanvas.h">
      <Filter>Header Files</Filter>
    </ClInclude>
    <ClInclude Include="ADC\ADC_analysis.h">
      <Filter>Header Files\ADC</Filter>
    </ClInclude>
    <ClInclude Include="ADC\ADC_helper_functions.h">
      <Filter>Header Files\ADC</Filter>
    </ClInclude>
    <ClInclude Include="ADC\ADC_meta.h">
      <Filter>Header Files\ADC</Filter>
    </ClInclude>
    <ClInclude Include="ADC\ADC_settings.h">
      <Filter>Header Files\ADC</Filter>
    </ClInclude>
    <ClInclude Include="ADC\Event.h">
      <Filter>Header Files\ADC</Filter>
    </ClInclude>
    <ClInclude Include="ADC\H1D.h">
      <Filter>Header Files\ADC</Filter>
    </ClInclude>
    <ClInclude Include="ADC\MyPunkt.h">
      <Filter>Header Files\ADC</Filter>
    </ClInclude>
    <ClInclude Include="Src\config_file_parser.h">
      <Filter>Header Files</Filter>
    </ClInclude>
    <ClInclude Include="Src\Console.h">
      <Filter>Header Files</Filter>
    </ClInclude>
    <ClInclude Include="Src\DetStruct.h">
      <Filter>Header Files</Filter>
    </ClInclude>
    <ClInclude Include="Src\functions.h">
      <Filter>Header Files</Filter>
    </ClInclude>
    <ClInclude Include="Src\Histo.h">
      <Filter>Header Files</Filter>
    </ClInclude>
    <ClInclude Include="Src\LMF_IO.h">
      <Filter>Header Files</Filter>
    </ClInclude>
    <ClInclude Include="Src\LMF2root.h">
      <Filter>Header Files</Filter>
    </ClInclude>
    <ClInclude Include="Src\OS_Version.h">
      <Filter>Header Files</Filter>
    </ClInclude>
    <ClInclude Include="Src\parallel_sort_class.h">
      <Filter>Header Files</Filter>
    </ClInclude>
    <ClInclude Include="Src\resort64c.h">
      <Filter>Header Files</Filter>
    </ClInclude>
    <ClInclude Include="Src\resource.h">
      <Filter>Header Files</Filter>
    </ClInclude>
    <ClInclude Include="Src\rootstuff.h">
      <Filter>Header Files</Filter>
    </ClInclude>
    <ClInclude Include="Src\Ueberstruct.h">
      <Filter>Header Files</Filter>
    </ClInclude>
    <ClInclude Include="Src\HDF5_IO.h">
      <Filter>Header Files</Filter>
    </ClInclude>
  </ItemGroup>
  <ItemGroup>
    <None Include="config.txt" />
    <None Include="Version.txt" />
    <None Include="ColAHelL.cfg" />
    <None Include="Templates\Cfg\COLTRIMS.cfg">
      <Filter>Templates\ColAHelL configs</Filter>
    </None>
    <None Include="Templates\Cfg\Detector.cfg">
      <Filter>Templates\ColAHelL configs</Filter>
    </None>
    <None Include="Templates\Cfg\Momenta.cfg">
      <Filter>Templates\ColAHelL configs</Filter>
    </None>
    <None Include="Templates\Cfg\Presorter.cfg">
      <Filter>Templates\ColAHelL configs</Filter>
    </None>
    <None Include="Templates\Cfg\Reaction.cfg">
      <Filter>Templates\ColAHelL configs</Filter>
    </None>
  </ItemGroup>
  <ItemGroup>
    <ResourceCompile Include="lmf2root_resource.rc">
      <Filter>Resource Files</Filter>
    </ResourceCompile>
  </ItemGroup>
  <ItemGroup>
    <Text Include="ADC\ADC_parameters.txt" />
  </ItemGroup>
</Project>