
Microsoft Visual Studio Solution File, Format Version 12.00
# Visual Studio 2015
Project("{8BC9CEB8-8B4A-11D0-8D11-00A0C91BC942}") = "LMF2root", "LMF2root_VS2015.vcxproj", "{66BB4DEE-4897-44C3-81CC-0867F99C42EE}"
	ProjectSection(ProjectDependencies) = postProject
		{B071B418-288B-4FF4-AB48-47D2CA3B6EA9} = {B071B418-288B-4FF4-AB48-47D2CA3B6EA9}
		{2CA187C8-B2DA-42DE-B01D-C6EC1F9E7690} = {2CA187C8-B2DA-42DE-B01D-C6EC1F9E7690}
	EndProjectSection
EndProject
Project("{8BC9CEB8-8B4A-11D0-8D11-00A0C91BC942}") = "ColAHelL", "ColAHelL\ColAHelL_VS2015.vcxproj", "{2CA187C8-B2DA-42DE-B01D-C6EC1F9E7690}"
EndProject
Project("{8BC9CEB8-8B4A-11D0-8D11-00A0C91BC942}") = "IPA", "IPA\IPA_VS2015.vcxproj", "{B071B418-288B-4FF4-AB48-47D2CA3B6EA9}"
	ProjectSection(ProjectDependencies) = postProject
		{2CA187C8-B2DA-42DE-B01D-C6EC1F9E7690} = {2CA187C8-B2DA-42DE-B01D-C6EC1F9E7690}
	EndProjectSection
EndProject
Global
	GlobalSection(SolutionConfigurationPlatforms) = preSolution
		Debug|Win32 = Debug|Win32
		Release|Win32 = Release|Win32
	EndGlobalSection
	GlobalSection(ProjectConfigurationPlatforms) = postSolution
		{66BB4DEE-4897-44C3-81CC-0867F99C42EE}.Debug|Win32.ActiveCfg = Debug|Win32
		{66BB4DEE-4897-44C3-81CC-0867F99C42EE}.Debug|Win32.Build.0 = Debug|Win32
		{66BB4DEE-4897-44C3-81CC-0867F99C42EE}.Release|Win32.ActiveCfg = Release|Win32
		{66BB4DEE-4897-44C3-81CC-0867F99C42EE}.Release|Win32.Build.0 = Release|Win32
		{2CA187C8-B2DA-42DE-B01D-C6EC1F9E7690}.Debug|Win32.ActiveCfg = Debug|Win32
		{2CA187C8-B2DA-42DE-B01D-C6EC1F9E7690}.Debug|Win32.Build.0 = Debug|Win32
		{2CA187C8-B2DA-42DE-B01D-C6EC1F9E7690}.Release|Win32.ActiveCfg = Release|Win32
		{2CA187C8-B2DA-42DE-B01D-C6EC1F9E7690}.Release|Win32.Build.0 = Release|Win32
		{B071B418-288B-4FF4-AB48-47D2CA3B6EA9}.Debug|Win32.ActiveCfg = Debug|Win32
		{B071B418-288B-4FF4-AB48-47D2CA3B6EA9}.Debug|Win32.Build.0 = Debug|Win32
		{B071B418-288B-4FF4-AB48-47D2CA3B6EA9}.Release|Win32.ActiveCfg = Release|Win32
		{B071B418-288B-4FF4-AB48-47D2CA3B6EA9}.Release|Win32.Build.0 = Release|Win32
	EndGlobalSection
	GlobalSection(SolutionProperties) = preSolution
		HideSolutionNode = FALSE
	EndGlobalSection
EndGlobal
